// !$*UTF8*$!
{
	archiveVersion = 1;
	classes = {
	};
	objectVersion = 48;
	objects = {

/* Begin PBXBuildFile section */
		46F16CC21FB5B84000235598 /* main.swift in Sources */ = {isa = PBXBuildFile; fileRef = 46F16CC11FB5B84000235598 /* main.swift */; };
		46F16CCC1FB5B98400235598 /* Character.swift in Sources */ = {isa = PBXBuildFile; fileRef = 46F16CCB1FB5B98400235598 /* Character.swift */; };
		46F16CCE1FB5BCC600235598 /* Warrior.swift in Sources */ = {isa = PBXBuildFile; fileRef = 46F16CCD1FB5BCC600235598 /* Warrior.swift */; };
		46F16CD01FB5BCCF00235598 /* Giant.swift in Sources */ = {isa = PBXBuildFile; fileRef = 46F16CCF1FB5BCCF00235598 /* Giant.swift */; };
		46F16CD21FB5BCDC00235598 /* Rogue.swift in Sources */ = {isa = PBXBuildFile; fileRef = 46F16CD11FB5BCDC00235598 /* Rogue.swift */; };
		46F16CD51FB5BCF100235598 /* Mage.swift in Sources */ = {isa = PBXBuildFile; fileRef = 46F16CD41FB5BCF100235598 /* Mage.swift */; };
		46F16CD91FB5C1B200235598 /* Weapon.swift in Sources */ = {isa = PBXBuildFile; fileRef = 46F16CD81FB5C1B200235598 /* Weapon.swift */; };
		46F16CDB1FB5C32100235598 /* Sword.swift in Sources */ = {isa = PBXBuildFile; fileRef = 46F16CDA1FB5C32100235598 /* Sword.swift */; };
		46F16CDD1FB5C32600235598 /* Mass.swift in Sources */ = {isa = PBXBuildFile; fileRef = 46F16CDC1FB5C32600235598 /* Mass.swift */; };
		46F16CDF1FB5C32C00235598 /* Dagger.swift in Sources */ = {isa = PBXBuildFile; fileRef = 46F16CDE1FB5C32C00235598 /* Dagger.swift */; };
		46F16CE11FB5C33100235598 /* Baton.swift in Sources */ = {isa = PBXBuildFile; fileRef = 46F16CE01FB5C33100235598 /* Baton.swift */; };
/* End PBXBuildFile section */

/* Begin PBXCopyFilesBuildPhase section */
		46F16CBC1FB5B84000235598 /* CopyFiles */ = {
			isa = PBXCopyFilesBuildPhase;
			buildActionMask = 2147483647;
			dstPath = /usr/share/man/man1/;
			dstSubfolderSpec = 0;
			files = (
			);
			runOnlyForDeploymentPostprocessing = 1;
		};
/* End PBXCopyFilesBuildPhase section */

/* Begin PBXFileReference section */
		46F16CBE1FB5B84000235598 /* Project-3 */ = {isa = PBXFileReference; explicitFileType = "compiled.mach-o.executable"; includeInIndex = 0; path = "Project-3"; sourceTree = BUILT_PRODUCTS_DIR; };
		46F16CC11FB5B84000235598 /* main.swift */ = {isa = PBXFileReference; lastKnownFileType = sourcecode.swift; path = main.swift; sourceTree = "<group>"; };
		46F16CCB1FB5B98400235598 /* Character.swift */ = {isa = PBXFileReference; lastKnownFileType = sourcecode.swift; path = Character.swift; sourceTree = "<group>"; };
		46F16CCD1FB5BCC600235598 /* Warrior.swift */ = {isa = PBXFileReference; lastKnownFileType = sourcecode.swift; path = Warrior.swift; sourceTree = "<group>"; };
		46F16CCF1FB5BCCF00235598 /* Giant.swift */ = {isa = PBXFileReference; lastKnownFileType = sourcecode.swift; path = Giant.swift; sourceTree = "<group>"; };
		46F16CD11FB5BCDC00235598 /* Rogue.swift */ = {isa = PBXFileReference; lastKnownFileType = sourcecode.swift; path = Rogue.swift; sourceTree = "<group>"; };
		46F16CD41FB5BCF100235598 /* Mage.swift */ = {isa = PBXFileReference; lastKnownFileType = sourcecode.swift; path = Mage.swift; sourceTree = "<group>"; };
		46F16CD81FB5C1B200235598 /* Weapon.swift */ = {isa = PBXFileReference; lastKnownFileType = sourcecode.swift; path = Weapon.swift; sourceTree = "<group>"; };
		46F16CDA1FB5C32100235598 /* Sword.swift */ = {isa = PBXFileReference; lastKnownFileType = sourcecode.swift; path = Sword.swift; sourceTree = "<group>"; };
		46F16CDC1FB5C32600235598 /* Mass.swift */ = {isa = PBXFileReference; lastKnownFileType = sourcecode.swift; path = Mass.swift; sourceTree = "<group>"; };
		46F16CDE1FB5C32C00235598 /* Dagger.swift */ = {isa = PBXFileReference; lastKnownFileType = sourcecode.swift; path = Dagger.swift; sourceTree = "<group>"; };
		46F16CE01FB5C33100235598 /* Baton.swift */ = {isa = PBXFileReference; lastKnownFileType = sourcecode.swift; path = Baton.swift; sourceTree = "<group>"; };
/* End PBXFileReference section */

/* Begin PBXFrameworksBuildPhase section */
		46F16CBB1FB5B84000235598 /* Frameworks */ = {
			isa = PBXFrameworksBuildPhase;
			buildActionMask = 2147483647;
			files = (
			);
			runOnlyForDeploymentPostprocessing = 0;
		};
/* End PBXFrameworksBuildPhase section */

/* Begin PBXGroup section */
		46F16CB51FB5B84000235598 = {
			isa = PBXGroup;
			children = (
				46F16CC01FB5B84000235598 /* Project-3 */,
				46F16CBF1FB5B84000235598 /* Products */,
			);
			sourceTree = "<group>";
		};
		46F16CBF1FB5B84000235598 /* Products */ = {
			isa = PBXGroup;
			children = (
				46F16CBE1FB5B84000235598 /* Project-3 */,
			);
			name = Products;
			sourceTree = "<group>";
		};
		46F16CC01FB5B84000235598 /* Project-3 */ = {
			isa = PBXGroup;
			children = (
				46F16CC11FB5B84000235598 /* main.swift */,
				46F16CCA1FB5B97100235598 /* Character */,
				46F16CD71FB5C19300235598 /* New Group */,
			);
			path = "Project-3";
			sourceTree = "<group>";
		};
		46F16CCA1FB5B97100235598 /* Character */ = {
			isa = PBXGroup;
			children = (
				46F16CCB1FB5B98400235598 /* Character.swift */,
				46F16CCD1FB5BCC600235598 /* Warrior.swift */,
				46F16CCF1FB5BCCF00235598 /* Giant.swift */,
				46F16CD11FB5BCDC00235598 /* Rogue.swift */,
				46F16CD41FB5BCF100235598 /* Mage.swift */,
			);
			path = Character;
			sourceTree = "<group>";
		};
		46F16CD71FB5C19300235598 /* New Group */ = {
			isa = PBXGroup;
			children = (
				46F16CD81FB5C1B200235598 /* Weapon.swift */,
				46F16CDA1FB5C32100235598 /* Sword.swift */,
				46F16CDC1FB5C32600235598 /* Mass.swift */,
				46F16CDE1FB5C32C00235598 /* Dagger.swift */,
				46F16CE01FB5C33100235598 /* Baton.swift */,
			);
			path = "New Group";
			sourceTree = "<group>";
		};
/* End PBXGroup section */

/* Begin PBXNativeTarget section */
		46F16CBD1FB5B84000235598 /* Project-3 */ = {
			isa = PBXNativeTarget;
			buildConfigurationList = 46F16CC51FB5B84100235598 /* Build configuration list for PBXNativeTarget "Project-3" */;
			buildPhases = (
				46F16CBA1FB5B84000235598 /* Sources */,
				46F16CBB1FB5B84000235598 /* Frameworks */,
				46F16CBC1FB5B84000235598 /* CopyFiles */,
			);
			buildRules = (
			);
			dependencies = (
			);
			name = "Project-3";
			productName = "Project-3";
			productReference = 46F16CBE1FB5B84000235598 /* Project-3 */;
			productType = "com.apple.product-type.tool";
		};
/* End PBXNativeTarget section */

/* Begin PBXProject section */
		46F16CB61FB5B84000235598 /* Project object */ = {
			isa = PBXProject;
			attributes = {
				LastSwiftUpdateCheck = 0910;
				LastUpgradeCheck = 0910;
				ORGANIZATIONNAME = "Christophe Bugnon";
				TargetAttributes = {
					46F16CBD1FB5B84000235598 = {
						CreatedOnToolsVersion = 9.1;
						ProvisioningStyle = Automatic;
					};
				};
			};
			buildConfigurationList = 46F16CB91FB5B84000235598 /* Build configuration list for PBXProject "Project-3" */;
			compatibilityVersion = "Xcode 8.0";
			developmentRegion = en;
			hasScannedForEncodings = 0;
			knownRegions = (
				en,
			);
			mainGroup = 46F16CB51FB5B84000235598;
			productRefGroup = 46F16CBF1FB5B84000235598 /* Products */;
			projectDirPath = "";
			projectRoot = "";
			targets = (
				46F16CBD1FB5B84000235598 /* Project-3 */,
			);
		};
/* End PBXProject section */

/* Begin PBXSourcesBuildPhase section */
		46F16CBA1FB5B84000235598 /* Sources */ = {
			isa = PBXSourcesBuildPhase;
			buildActionMask = 2147483647;
			files = (
				46F16CCE1FB5BCC600235598 /* Warrior.swift in Sources */,
				46F16CD21FB5BCDC00235598 /* Rogue.swift in Sources */,
				46F16CDD1FB5C32600235598 /* Mass.swift in Sources */,
				46F16CD01FB5BCCF00235598 /* Giant.swift in Sources */,
				46F16CD91FB5C1B200235598 /* Weapon.swift in Sources */,
				46F16CD51FB5BCF100235598 /* Mage.swift in Sources */,
				46F16CDB1FB5C32100235598 /* Sword.swift in Sources */,
				46F16CE11FB5C33100235598 /* Baton.swift in Sources */,
				46F16CDF1FB5C32C00235598 /* Dagger.swift in Sources */,
				46F16CC21FB5B84000235598 /* main.swift in Sources */,
				46F16CCC1FB5B98400235598 /* Character.swift in Sources */,
			);
			runOnlyForDeploymentPostprocessing = 0;
		};
/* End PBXSourcesBuildPhase section */

/* Begin XCBuildConfiguration section */
		46F16CC31FB5B84100235598 /* Debug */ = {
			isa = XCBuildConfiguration;
			buildSettings = {
				ALWAYS_SEARCH_USER_PATHS = NO;
				CLANG_ANALYZER_NONNULL = YES;
				CLANG_ANALYZER_NUMBER_OBJECT_CONVERSION = YES_AGGRESSIVE;
				CLANG_CXX_LANGUAGE_STANDARD = "gnu++14";
				CLANG_CXX_LIBRARY = "libc++";
				CLANG_ENABLE_MODULES = YES;
				CLANG_ENABLE_OBJC_ARC = YES;
				CLANG_WARN_BLOCK_CAPTURE_AUTORELEASING = YES;
				CLANG_WARN_BOOL_CONVERSION = YES;
				CLANG_WARN_COMMA = YES;
				CLANG_WARN_CONSTANT_CONVERSION = YES;
				CLANG_WARN_DIRECT_OBJC_ISA_USAGE = YES_ERROR;
				CLANG_WARN_DOCUMENTATION_COMMENTS = YES;
				CLANG_WARN_EMPTY_BODY = YES;
				CLANG_WARN_ENUM_CONVERSION = YES;
				CLANG_WARN_INFINITE_RECURSION = YES;
				CLANG_WARN_INT_CONVERSION = YES;
				CLANG_WARN_NON_LITERAL_NULL_CONVERSION = YES;
				CLANG_WARN_OBJC_LITERAL_CONVERSION = YES;
				CLANG_WARN_OBJC_ROOT_CLASS = YES_ERROR;
				CLANG_WARN_RANGE_LOOP_ANALYSIS = YES;
				CLANG_WARN_STRICT_PROTOTYPES = YES;
				CLANG_WARN_SUSPICIOUS_MOVE = YES;
				CLANG_WARN_UNGUARDED_AVAILABILITY = YES_AGGRESSIVE;
				CLANG_WARN_UNREACHABLE_CODE = YES;
				CLANG_WARN__DUPLICATE_METHOD_MATCH = YES;
				CODE_SIGN_IDENTITY = "-";
				COPY_PHASE_STRIP = NO;
				DEBUG_INFORMATION_FORMAT = dwarf;
				ENABLE_STRICT_OBJC_MSGSEND = YES;
				ENABLE_TESTABILITY = YES;
				GCC_C_LANGUAGE_STANDARD = gnu11;
				GCC_DYNAMIC_NO_PIC = NO;
				GCC_NO_COMMON_BLOCKS = YES;
				GCC_OPTIMIZATION_LEVEL = 0;
				GCC_PREPROCESSOR_DEFINITIONS = (
					"DEBUG=1",
					"$(inherited)",
				);
				GCC_WARN_64_TO_32_BIT_CONVERSION = YES;
				GCC_WARN_ABOUT_RETURN_TYPE = YES_ERROR;
				GCC_WARN_UNDECLARED_SELECTOR = YES;
				GCC_WARN_UNINITIALIZED_AUTOS = YES_AGGRESSIVE;
				GCC_WARN_UNUSED_FUNCTION = YES;
				GCC_WARN_UNUSED_VARIABLE = YES;
				MACOSX_DEPLOYMENT_TARGET = 10.13;
				MTL_ENABLE_DEBUG_INFO = YES;
				ONLY_ACTIVE_ARCH = YES;
				SDKROOT = macosx;
				SWIFT_ACTIVE_COMPILATION_CONDITIONS = DEBUG;
				SWIFT_OPTIMIZATION_LEVEL = "-Onone";
			};
			name = Debug;
		};
		46F16CC41FB5B84100235598 /* Release */ = {
			isa = XCBuildConfiguration;
			buildSettings = {
				ALWAYS_SEARCH_USER_PATHS = NO;
				CLANG_ANALYZER_NONNULL = YES;
				CLANG_ANALYZER_NUMBER_OBJECT_CONVERSION = YES_AGGRESSIVE;
				CLANG_CXX_LANGUAGE_STANDARD = "gnu++14";
				CLANG_CXX_LIBRARY = "libc++";
				CLANG_ENABLE_MODULES = YES;
				CLANG_ENABLE_OBJC_ARC = YES;
				CLANG_WARN_BLOCK_CAPTURE_AUTORELEASING = YES;
				CLANG_WARN_BOOL_CONVERSION = YES;
				CLANG_WARN_COMMA = YES;
				CLANG_WARN_CONSTANT_CONVERSION = YES;
				CLANG_WARN_DIRECT_OBJC_ISA_USAGE = YES_ERROR;
				CLANG_WARN_DOCUMENTATION_COMMENTS = YES;
				CLANG_WARN_EMPTY_BODY = YES;
				CLANG_WARN_ENUM_CONVERSION = YES;
				CLANG_WARN_INFINITE_RECURSION = YES;
				CLANG_WARN_INT_CONVERSION = YES;
				CLANG_WARN_NON_LITERAL_NULL_CONVERSION = YES;
				CLANG_WARN_OBJC_LITERAL_CONVERSION = YES;
				CLANG_WARN_OBJC_ROOT_CLASS = YES_ERROR;
				CLANG_WARN_RANGE_LOOP_ANALYSIS = YES;
				CLANG_WARN_STRICT_PROTOTYPES = YES;
				CLANG_WARN_SUSPICIOUS_MOVE = YES;
				CLANG_WARN_UNGUARDED_AVAILABILITY = YES_AGGRESSIVE;
				CLANG_WARN_UNREACHABLE_CODE = YES;
				CLANG_WARN__DUPLICATE_METHOD_MATCH = YES;
				CODE_SIGN_IDENTITY = "-";
				COPY_PHASE_STRIP = NO;
				DEBUG_INFORMATION_FORMAT = "dwarf-with-dsym";
				ENABLE_NS_ASSERTIONS = NO;
				ENABLE_STRICT_OBJC_MSGSEND = YES;
				GCC_C_LANGUAGE_STANDARD = gnu11;
				GCC_NO_COMMON_BLOCKS = YES;
				GCC_WARN_64_TO_32_BIT_CONVERSION = YES;
				GCC_WARN_ABOUT_RETURN_TYPE = YES_ERROR;
				GCC_WARN_UNDECLARED_SELECTOR = YES;
				GCC_WARN_UNINITIALIZED_AUTOS = YES_AGGRESSIVE;
				GCC_WARN_UNUSED_FUNCTION = YES;
				GCC_WARN_UNUSED_VARIABLE = YES;
				MACOSX_DEPLOYMENT_TARGET = 10.13;
				MTL_ENABLE_DEBUG_INFO = NO;
				SDKROOT = macosx;
				SWIFT_OPTIMIZATION_LEVEL = "-Owholemodule";
			};
			name = Release;
		};
		46F16CC61FB5B84100235598 /* Debug */ = {
			isa = XCBuildConfiguration;
			buildSettings = {
				CODE_SIGN_STYLE = Automatic;
				PRODUCT_NAME = "$(TARGET_NAME)";
				SWIFT_VERSION = 4.0;
			};
			name = Debug;
		};
		46F16CC71FB5B84100235598 /* Release */ = {
			isa = XCBuildConfiguration;
			buildSettings = {
				CODE_SIGN_STYLE = Automatic;
				PRODUCT_NAME = "$(TARGET_NAME)";
				SWIFT_VERSION = 4.0;
			};
			name = Release;
		};
/* End XCBuildConfiguration section */

/* Begin XCConfigurationList section */
		46F16CB91FB5B84000235598 /* Build configuration list for PBXProject "Project-3" */ = {
			isa = XCConfigurationList;
			buildConfigurations = (
				46F16CC31FB5B84100235598 /* Debug */,
				46F16CC41FB5B84100235598 /* Release */,
			);
			defaultConfigurationIsVisible = 0;
			defaultConfigurationName = Release;
		};
		46F16CC51FB5B84100235598 /* Build configuration list for PBXNativeTarget "Project-3" */ = {
			isa = XCConfigurationList;
			buildConfigurations = (
				46F16CC61FB5B84100235598 /* Debug */,
				46F16CC71FB5B84100235598 /* Release */,
			);
			defaultConfigurationIsVisible = 0;
			defaultConfigurationName = Release;
		};
/* End XCConfigurationList section */
	};
	rootObject = 46F16CB61FB5B84000235598 /* Project object */;
}
